// !$*UTF8*$!
{
	archiveVersion = 1;
	classes = {
	};
	objectVersion = 50;
	objects = {

/* Begin PBXBuildFile section */
		D920D38E2333FF8500C8549F /* AppDelegate.swift in Sources */ = {isa = PBXBuildFile; fileRef = D920D38D2333FF8500C8549F /* AppDelegate.swift */; };
		D920D3902333FF8500C8549F /* ViewController.swift in Sources */ = {isa = PBXBuildFile; fileRef = D920D38F2333FF8500C8549F /* ViewController.swift */; };
		D920D3932333FF8500C8549F /* Main.storyboard in Resources */ = {isa = PBXBuildFile; fileRef = D920D3912333FF8500C8549F /* Main.storyboard */; };
		D920D3982333FF8C00C8549F /* LaunchScreen.storyboard in Resources */ = {isa = PBXBuildFile; fileRef = D920D3962333FF8C00C8549F /* LaunchScreen.storyboard */; };
		D9BCA763233BB12B0031B614 /* StudentViewControler.swift in Sources */ = {isa = PBXBuildFile; fileRef = D9BCA762233BB12B0031B614 /* StudentViewControler.swift */; };
		D9BE70172335350300124C72 /* Student.swift in Sources */ = {isa = PBXBuildFile; fileRef = D9BE70162335350300124C72 /* Student.swift */; };
		D9BE70192335473F00124C72 /* Teacher.swift in Sources */ = {isa = PBXBuildFile; fileRef = D9BE70182335473F00124C72 /* Teacher.swift */; };
		D9BE701B2335475500124C72 /* Subject.swift in Sources */ = {isa = PBXBuildFile; fileRef = D9BE701A2335475500124C72 /* Subject.swift */; };
		D9BED71B2339154A0064C207 /* DefaultData.swift in Sources */ = {isa = PBXBuildFile; fileRef = D9BED71A2339154A0064C207 /* DefaultData.swift */; };
		D9C7114F23394AC100BEDD4F /* Assets.xcassets in Resources */ = {isa = PBXBuildFile; fileRef = D9C7114E23394AC100BEDD4F /* Assets.xcassets */; };
/* End PBXBuildFile section */

/* Begin PBXFileReference section */
		D920D38A2333FF8500C8549F /* iOSNewProyect.app */ = {isa = PBXFileReference; explicitFileType = wrapper.application; includeInIndex = 0; path = iOSNewProyect.app; sourceTree = BUILT_PRODUCTS_DIR; };
		D920D38D2333FF8500C8549F /* AppDelegate.swift */ = {isa = PBXFileReference; lastKnownFileType = sourcecode.swift; path = AppDelegate.swift; sourceTree = "<group>"; };
		D920D38F2333FF8500C8549F /* ViewController.swift */ = {isa = PBXFileReference; lastKnownFileType = sourcecode.swift; path = ViewController.swift; sourceTree = "<group>"; };
		D920D3922333FF8500C8549F /* Base */ = {isa = PBXFileReference; lastKnownFileType = file.storyboard; name = Base; path = Base.lproj/Main.storyboard; sourceTree = "<group>"; };
		D920D3972333FF8C00C8549F /* Base */ = {isa = PBXFileReference; lastKnownFileType = file.storyboard; name = Base; path = Base.lproj/LaunchScreen.storyboard; sourceTree = "<group>"; };
		D920D3992333FF8C00C8549F /* Info.plist */ = {isa = PBXFileReference; lastKnownFileType = text.plist.xml; path = Info.plist; sourceTree = "<group>"; };
		D9BCA762233BB12B0031B614 /* StudentViewControler.swift */ = {isa = PBXFileReference; lastKnownFileType = sourcecode.swift; path = StudentViewControler.swift; sourceTree = "<group>"; };
		D9BE70162335350300124C72 /* Student.swift */ = {isa = PBXFileReference; lastKnownFileType = sourcecode.swift; path = Student.swift; sourceTree = "<group>"; };
		D9BE70182335473F00124C72 /* Teacher.swift */ = {isa = PBXFileReference; lastKnownFileType = sourcecode.swift; path = Teacher.swift; sourceTree = "<group>"; };
		D9BE701A2335475500124C72 /* Subject.swift */ = {isa = PBXFileReference; lastKnownFileType = sourcecode.swift; path = Subject.swift; sourceTree = "<group>"; };
		D9BED71A2339154A0064C207 /* DefaultData.swift */ = {isa = PBXFileReference; lastKnownFileType = sourcecode.swift; path = DefaultData.swift; sourceTree = "<group>"; };
		D9C7114E23394AC100BEDD4F /* Assets.xcassets */ = {isa = PBXFileReference; lastKnownFileType = folder.assetcatalog; path = Assets.xcassets; sourceTree = "<group>"; };
/* End PBXFileReference section */

/* Begin PBXFrameworksBuildPhase section */
		D920D3872333FF8500C8549F /* Frameworks */ = {
			isa = PBXFrameworksBuildPhase;
			buildActionMask = 2147483647;
			files = (
			);
			runOnlyForDeploymentPostprocessing = 0;
		};
/* End PBXFrameworksBuildPhase section */

/* Begin PBXGroup section */
		D920D3812333FF8500C8549F = {
			isa = PBXGroup;
			children = (
				D920D38C2333FF8500C8549F /* iOSNewProyect */,
				D920D38B2333FF8500C8549F /* Products */,
			);
			sourceTree = "<group>";
		};
		D920D38B2333FF8500C8549F /* Products */ = {
			isa = PBXGroup;
			children = (
				D920D38A2333FF8500C8549F /* iOSNewProyect.app */,
			);
			name = Products;
			sourceTree = "<group>";
		};
		D920D38C2333FF8500C8549F /* iOSNewProyect */ = {
			isa = PBXGroup;
			children = (
				D9BE701023352BDF00124C72 /* UI */,
				D9BE700F23352B9400124C72 /* Resources */,
				D9BE700E23352B8300124C72 /* Data */,
				D9BE700D23352B1E00124C72 /* App */,
			);
			path = iOSNewProyect;
			sourceTree = "<group>";
		};
		D9BE700D23352B1E00124C72 /* App */ = {
			isa = PBXGroup;
			children = (
				D920D38D2333FF8500C8549F /* AppDelegate.swift */,
				D920D3992333FF8C00C8549F /* Info.plist */,
			);
			path = App;
			sourceTree = "<group>";
		};
		D9BE700E23352B8300124C72 /* Data */ = {
			isa = PBXGroup;
			children = (
				D9BE7014233532AD00124C72 /* Local */,
			);
			path = Data;
			sourceTree = "<group>";
		};
		D9BE700F23352B9400124C72 /* Resources */ = {
			isa = PBXGroup;
			children = (
				D9C7114E23394AC100BEDD4F /* Assets.xcassets */,
			);
			path = Resources;
			sourceTree = "<group>";
		};
		D9BE701023352BDF00124C72 /* UI */ = {
			isa = PBXGroup;
			children = (
				D9BE701223352BFA00124C72 /* Controlers */,
				D9BE701123352BF200124C72 /* Views */,
			);
			path = UI;
			sourceTree = "<group>";
		};
		D9BE701123352BF200124C72 /* Views */ = {
			isa = PBXGroup;
			children = (
				D9BE701323352C6700124C72 /* Storyboard */,
			);
			path = Views;
			sourceTree = "<group>";
		};
		D9BE701223352BFA00124C72 /* Controlers */ = {
			isa = PBXGroup;
			children = (
				D9BCA762233BB12B0031B614 /* StudentViewControler.swift */,
				D920D38F2333FF8500C8549F /* ViewController.swift */,
			);
			path = Controlers;
			sourceTree = "<group>";
		};
		D9BE701323352C6700124C72 /* Storyboard */ = {
			isa = PBXGroup;
			children = (
				D920D3912333FF8500C8549F /* Main.storyboard */,
				D920D3962333FF8C00C8549F /* LaunchScreen.storyboard */,
			);
			path = Storyboard;
			sourceTree = "<group>";
		};
		D9BE7014233532AD00124C72 /* Local */ = {
			isa = PBXGroup;
			children = (
				D9BED71A2339154A0064C207 /* DefaultData.swift */,
				D9BE7015233532BF00124C72 /* Models */,
			);
			path = Local;
			sourceTree = "<group>";
		};
		D9BE7015233532BF00124C72 /* Models */ = {
			isa = PBXGroup;
			children = (
				D9BE70162335350300124C72 /* Student.swift */,
				D9BE70182335473F00124C72 /* Teacher.swift */,
				D9BE701A2335475500124C72 /* Subject.swift */,
			);
			path = Models;
			sourceTree = "<group>";
		};
/* End PBXGroup section */

/* Begin PBXNativeTarget section */
		D920D3892333FF8500C8549F /* iOSNewProyect */ = {
			isa = PBXNativeTarget;
			buildConfigurationList = D920D39C2333FF8C00C8549F /* Build configuration list for PBXNativeTarget "iOSNewProyect" */;
			buildPhases = (
				D920D3862333FF8500C8549F /* Sources */,
				D920D3872333FF8500C8549F /* Frameworks */,
				D920D3882333FF8500C8549F /* Resources */,
			);
			buildRules = (
			);
			dependencies = (
			);
			name = iOSNewProyect;
			productName = iOSNewProyect;
			productReference = D920D38A2333FF8500C8549F /* iOSNewProyect.app */;
			productType = "com.apple.product-type.application";
		};
/* End PBXNativeTarget section */

/* Begin PBXProject section */
		D920D3822333FF8500C8549F /* Project object */ = {
			isa = PBXProject;
			attributes = {
				LastSwiftUpdateCheck = 1030;
				LastUpgradeCheck = 1030;
				ORGANIZATIONNAME = kolbStudio;
				TargetAttributes = {
					D920D3892333FF8500C8549F = {
						CreatedOnToolsVersion = 10.3;
					};
				};
			};
			buildConfigurationList = D920D3852333FF8500C8549F /* Build configuration list for PBXProject "iOSNewProyect" */;
			compatibilityVersion = "Xcode 9.3";
			developmentRegion = en;
			hasScannedForEncodings = 0;
			knownRegions = (
				en,
				Base,
			);
			mainGroup = D920D3812333FF8500C8549F;
			productRefGroup = D920D38B2333FF8500C8549F /* Products */;
			projectDirPath = "";
			projectRoot = "";
			targets = (
				D920D3892333FF8500C8549F /* iOSNewProyect */,
			);
		};
/* End PBXProject section */

/* Begin PBXResourcesBuildPhase section */
		D920D3882333FF8500C8549F /* Resources */ = {
			isa = PBXResourcesBuildPhase;
			buildActionMask = 2147483647;
			files = (
				D920D3982333FF8C00C8549F /* LaunchScreen.storyboard in Resources */,
				D9C7114F23394AC100BEDD4F /* Assets.xcassets in Resources */,
				D920D3932333FF8500C8549F /* Main.storyboard in Resources */,
			);
			runOnlyForDeploymentPostprocessing = 0;
		};
/* End PBXResourcesBuildPhase section */

/* Begin PBXSourcesBuildPhase section */
		D920D3862333FF8500C8549F /* Sources */ = {
			isa = PBXSourcesBuildPhase;
			buildActionMask = 2147483647;
			files = (
				D9BE70192335473F00124C72 /* Teacher.swift in Sources */,
				D9BE701B2335475500124C72 /* Subject.swift in Sources */,
				D920D3902333FF8500C8549F /* ViewController.swift in Sources */,
				D9BCA763233BB12B0031B614 /* StudentViewControler.swift in Sources */,
				D9BED71B2339154A0064C207 /* DefaultData.swift in Sources */,
				D9BE70172335350300124C72 /* Student.swift in Sources */,
				D920D38E2333FF8500C8549F /* AppDelegate.swift in Sources */,
			);
			runOnlyForDeploymentPostprocessing = 0;
		};
/* End PBXSourcesBuildPhase section */

/* Begin PBXVariantGroup section */
		D920D3912333FF8500C8549F /* Main.storyboard */ = {
			isa = PBXVariantGroup;
			children = (
				D920D3922333FF8500C8549F /* Base */,
			);
			name = Main.storyboard;
			sourceTree = "<group>";
		};
		D920D3962333FF8C00C8549F /* LaunchScreen.storyboard */ = {
			isa = PBXVariantGroup;
			children = (
				D920D3972333FF8C00C8549F /* Base */,
			);
			name = LaunchScreen.storyboard;
			sourceTree = "<group>";
		};
/* End PBXVariantGroup section */

/* Begin XCBuildConfiguration section */
		D920D39A2333FF8C00C8549F /* Debug */ = {
			isa = XCBuildConfiguration;
			buildSettings = {
				ALWAYS_SEARCH_USER_PATHS = NO;
				CLANG_ANALYZER_NONNULL = YES;
				CLANG_ANALYZER_NUMBER_OBJECT_CONVERSION = YES_AGGRESSIVE;
				CLANG_CXX_LANGUAGE_STANDARD = "gnu++14";
				CLANG_CXX_LIBRARY = "libc++";
				CLANG_ENABLE_MODULES = YES;
				CLANG_ENABLE_OBJC_ARC = YES;
				CLANG_ENABLE_OBJC_WEAK = YES;
				CLANG_WARN_BLOCK_CAPTURE_AUTORELEASING = YES;
				CLANG_WARN_BOOL_CONVERSION = YES;
				CLANG_WARN_COMMA = YES;
				CLANG_WARN_CONSTANT_CONVERSION = YES;
				CLANG_WARN_DEPRECATED_OBJC_IMPLEMENTATIONS = YES;
				CLANG_WARN_DIRECT_OBJC_ISA_USAGE = YES_ERROR;
				CLANG_WARN_DOCUMENTATION_COMMENTS = YES;
				CLANG_WARN_EMPTY_BODY = YES;
				CLANG_WARN_ENUM_CONVERSION = YES;
				CLANG_WARN_INFINITE_RECURSION = YES;
				CLANG_WARN_INT_CONVERSION = YES;
				CLANG_WARN_NON_LITERAL_NULL_CONVERSION = YES;
				CLANG_WARN_OBJC_IMPLICIT_RETAIN_SELF = YES;
				CLANG_WARN_OBJC_LITERAL_CONVERSION = YES;
				CLANG_WARN_OBJC_ROOT_CLASS = YES_ERROR;
				CLANG_WARN_RANGE_LOOP_ANALYSIS = YES;
				CLANG_WARN_STRICT_PROTOTYPES = YES;
				CLANG_WARN_SUSPICIOUS_MOVE = YES;
				CLANG_WARN_UNGUARDED_AVAILABILITY = YES_AGGRESSIVE;
				CLANG_WARN_UNREACHABLE_CODE = YES;
				CLANG_WARN__DUPLICATE_METHOD_MATCH = YES;
				CODE_SIGN_IDENTITY = "iPhone Developer";
				COPY_PHASE_STRIP = NO;
				DEBUG_INFORMATION_FORMAT = dwarf;
				ENABLE_STRICT_OBJC_MSGSEND = YES;
				ENABLE_TESTABILITY = YES;
				GCC_C_LANGUAGE_STANDARD = gnu11;
				GCC_DYNAMIC_NO_PIC = NO;
				GCC_NO_COMMON_BLOCKS = YES;
				GCC_OPTIMIZATION_LEVEL = 0;
				GCC_PREPROCESSOR_DEFINITIONS = (
					"DEBUG=1",
					"$(inherited)",
				);
				GCC_WARN_64_TO_32_BIT_CONVERSION = YES;
				GCC_WARN_ABOUT_RETURN_TYPE = YES_ERROR;
				GCC_WARN_UNDECLARED_SELECTOR = YES;
				GCC_WARN_UNINITIALIZED_AUTOS = YES_AGGRESSIVE;
				GCC_WARN_UNUSED_FUNCTION = YES;
				GCC_WARN_UNUSED_VARIABLE = YES;
				IPHONEOS_DEPLOYMENT_TARGET = 12.4;
				MTL_ENABLE_DEBUG_INFO = INCLUDE_SOURCE;
				MTL_FAST_MATH = YES;
				ONLY_ACTIVE_ARCH = YES;
				SDKROOT = iphoneos;
				SWIFT_ACTIVE_COMPILATION_CONDITIONS = DEBUG;
				SWIFT_OPTIMIZATION_LEVEL = "-Onone";
				SWIFT_VERSION = 5.0;
			};
			name = Debug;
		};
		D920D39B2333FF8C00C8549F /* Release */ = {
			isa = XCBuildConfiguration;
			buildSettings = {
				ALWAYS_SEARCH_USER_PATHS = NO;
				CLANG_ANALYZER_NONNULL = YES;
				CLANG_ANALYZER_NUMBER_OBJECT_CONVERSION = YES_AGGRESSIVE;
				CLANG_CXX_LANGUAGE_STANDARD = "gnu++14";
				CLANG_CXX_LIBRARY = "libc++";
				CLANG_ENABLE_MODULES = YES;
				CLANG_ENABLE_OBJC_ARC = YES;
				CLANG_ENABLE_OBJC_WEAK = YES;
				CLANG_WARN_BLOCK_CAPTURE_AUTORELEASING = YES;
				CLANG_WARN_BOOL_CONVERSION = YES;
				CLANG_WARN_COMMA = YES;
				CLANG_WARN_CONSTANT_CONVERSION = YES;
				CLANG_WARN_DEPRECATED_OBJC_IMPLEMENTATIONS = YES;
				CLANG_WARN_DIRECT_OBJC_ISA_USAGE = YES_ERROR;
				CLANG_WARN_DOCUMENTATION_COMMENTS = YES;
				CLANG_WARN_EMPTY_BODY = YES;
				CLANG_WARN_ENUM_CONVERSION = YES;
				CLANG_WARN_INFINITE_RECURSION = YES;
				CLANG_WARN_INT_CONVERSION = YES;
				CLANG_WARN_NON_LITERAL_NULL_CONVERSION = YES;
				CLANG_WARN_OBJC_IMPLICIT_RETAIN_SELF = YES;
				CLANG_WARN_OBJC_LITERAL_CONVERSION = YES;
				CLANG_WARN_OBJC_ROOT_CLASS = YES_ERROR;
				CLANG_WARN_RANGE_LOOP_ANALYSIS = YES;
				CLANG_WARN_STRICT_PROTOTYPES = YES;
				CLANG_WARN_SUSPICIOUS_MOVE = YES;
				CLANG_WARN_UNGUARDED_AVAILABILITY = YES_AGGRESSIVE;
				CLANG_WARN_UNREACHABLE_CODE = YES;
				CLANG_WARN__DUPLICATE_METHOD_MATCH = YES;
				CODE_SIGN_IDENTITY = "iPhone Developer";
				COPY_PHASE_STRIP = NO;
				DEBUG_INFORMATION_FORMAT = "dwarf-with-dsym";
				ENABLE_NS_ASSERTIONS = NO;
				ENABLE_STRICT_OBJC_MSGSEND = YES;
				GCC_C_LANGUAGE_STANDARD = gnu11;
				GCC_NO_COMMON_BLOCKS = YES;
				GCC_WARN_64_TO_32_BIT_CONVERSION = YES;
				GCC_WARN_ABOUT_RETURN_TYPE = YES_ERROR;
				GCC_WARN_UNDECLARED_SELECTOR = YES;
				GCC_WARN_UNINITIALIZED_AUTOS = YES_AGGRESSIVE;
				GCC_WARN_UNUSED_FUNCTION = YES;
				GCC_WARN_UNUSED_VARIABLE = YES;
				IPHONEOS_DEPLOYMENT_TARGET = 12.4;
				MTL_ENABLE_DEBUG_INFO = NO;
				MTL_FAST_MATH = YES;
				SDKROOT = iphoneos;
				SWIFT_COMPILATION_MODE = wholemodule;
				SWIFT_OPTIMIZATION_LEVEL = "-O";
				SWIFT_VERSION = 5.0;
				VALIDATE_PRODUCT = YES;
			};
			name = Release;
		};
		D920D39D2333FF8C00C8549F /* Debug */ = {
			isa = XCBuildConfiguration;
			buildSettings = {
				ASSETCATALOG_COMPILER_APPICON_NAME = AppIcon;
				CODE_SIGN_IDENTITY = "Apple Development";
				CODE_SIGN_STYLE = Automatic;
				DEVELOPMENT_TEAM = 7ZSJKW89DB;
				INFOPLIST_FILE = "$(SRCROOT)/iOSNewProyect/App/Info.plist";
				IPHONEOS_DEPLOYMENT_TARGET = 11.0;
				LD_RUNPATH_SEARCH_PATHS = (
					"$(inherited)",
					"@executable_path/Frameworks",
				);
				PRODUCT_BUNDLE_IDENTIFIER = com.kolbStudio.iOSNewProyect;
				PRODUCT_NAME = "$(TARGET_NAME)";
				PROVISIONING_PROFILE_SPECIFIER = "";
				SWIFT_VERSION = 5.0;
				TARGETED_DEVICE_FAMILY = 1;
			};
			name = Debug;
		};
		D920D39E2333FF8C00C8549F /* Release */ = {
			isa = XCBuildConfiguration;
			buildSettings = {
				ASSETCATALOG_COMPILER_APPICON_NAME = AppIcon;
				CODE_SIGN_IDENTITY = "Apple Development";
				CODE_SIGN_STYLE = Automatic;
				DEVELOPMENT_TEAM = 7ZSJKW89DB;
				INFOPLIST_FILE = "$(SRCROOT)/iOSNewProyect/App/Info.plist";
				IPHONEOS_DEPLOYMENT_TARGET = 11.0;
				LD_RUNPATH_SEARCH_PATHS = (
					"$(inherited)",
					"@executable_path/Frameworks",
				);
				PRODUCT_BUNDLE_IDENTIFIER = com.kolbStudio.iOSNewProyect;
				PRODUCT_NAME = "$(TARGET_NAME)";
				PROVISIONING_PROFILE_SPECIFIER = "";
				SWIFT_VERSION = 5.0;
				TARGETED_DEVICE_FAMILY = 1;
			};
			name = Release;
		};
/* End XCBuildConfiguration section */

/* Begin XCConfigurationList section */
		D920D3852333FF8500C8549F /* Build configuration list for PBXProject "iOSNewProyect" */ = {
			isa = XCConfigurationList;
			buildConfigurations = (
				D920D39A2333FF8C00C8549F /* Debug */,
				D920D39B2333FF8C00C8549F /* Release */,
			);
			defaultConfigurationIsVisible = 0;
			defaultConfigurationName = Release;
		};
		D920D39C2333FF8C00C8549F /* Build configuration list for PBXNativeTarget "iOSNewProyect" */ = {
			isa = XCConfigurationList;
			buildConfigurations = (
				D920D39D2333FF8C00C8549F /* Debug */,
				D920D39E2333FF8C00C8549F /* Release */,
			);
			defaultConfigurationIsVisible = 0;
			defaultConfigurationName = Release;
		};
/* End XCConfigurationList section */
	};
	rootObject = D920D3822333FF8500C8549F /* Project object */;
}
